
Microsoft Visual Studio Solution File, Format Version 12.00
# Visual Studio Version 17
VisualStudioVersion = 17.8.34309.116
MinimumVisualStudioVersion = 10.0.40219.1
Project("{FAE04EC0-301F-11D3-BF4B-00C04F79EFBC}") = "Test1", "Test1\Test1.csproj", "{B6D884A3-5683-4A10-8B1A-67831F54FA50}"
EndProject
Global
	GlobalSection(SolutionConfigurationPlatforms) = preSolution
		Debug|Any CPU = Debug|Any CPU
		Release|Any CPU = Release|Any CPU
	EndGlobalSection
	GlobalSection(ProjectConfigurationPlatforms) = postSolution
		{B6D884A3-5683-4A10-8B1A-67831F54FA50}.Debug|Any CPU.ActiveCfg = Debug|Any CPU
		{B6D884A3-5683-4A10-8B1A-67831F54FA50}.Debug|Any CPU.Build.0 = Debug|Any CPU
		{B6D884A3-5683-4A10-8B1A-67831F54FA50}.Release|Any CPU.ActiveCfg = Release|Any CPU
		{B6D884A3-5683-4A10-8B1A-67831F54FA50}.Release|Any CPU.Build.0 = Release|Any CPU
	EndGlobalSection
	GlobalSection(SolutionProperties) = preSolution
		HideSolutionNode = FALSE
	EndGlobalSection
	GlobalSection(ExtensibilityGlobals) = postSolution
		SolutionGuid = {3E33DA9B-E505-4968-9266-C73F287C5904}
	EndGlobalSection
EndGlobal
